
Microsoft Visual Studio Solution File, Format Version 12.00
# Visual Studio Version 16
VisualStudioVersion = 16.0.31321.278
MinimumVisualStudioVersion = 10.0.40219.1
Project("{FAE04EC0-301F-11D3-BF4B-00C04F79EFBC}") = "keyValueStorage", "keyValueStorage\keyValueStorage.csproj", "{3553A13E-5576-470B-8E68-D110A1A65D7F}"
EndProject
Global
	GlobalSection(SolutionConfigurationPlatforms) = preSolution
		Debug|Any CPU = Debug|Any CPU
		Release|Any CPU = Release|Any CPU
	EndGlobalSection
	GlobalSection(ProjectConfigurationPlatforms) = postSolution
		{3553A13E-5576-470B-8E68-D110A1A65D7F}.Debug|Any CPU.ActiveCfg = Debug|Any CPU
		{3553A13E-5576-470B-8E68-D110A1A65D7F}.Debug|Any CPU.Build.0 = Debug|Any CPU
		{3553A13E-5576-470B-8E68-D110A1A65D7F}.Release|Any CPU.ActiveCfg = Release|Any CPU
		{3553A13E-5576-470B-8E68-D110A1A65D7F}.Release|Any CPU.Build.0 = Release|Any CPU
	EndGlobalSection
	GlobalSection(SolutionProperties) = preSolution
		HideSolutionNode = FALSE
	EndGlobalSection
	GlobalSection(ExtensibilityGlobals) = postSolution
		SolutionGuid = {662F4CA4-7B19-4EA2-87C7-8E147386170F}
	EndGlobalSection
EndGlobal
